
Microsoft Visual Studio Solution File, Format Version 12.00
# Visual Studio Version 17
VisualStudioVersion = 17.0.31903.59
MinimumVisualStudioVersion = 10.0.40219.1
Project("{2150E333-8FDC-42A3-9474-1A3956D46DE8}") = "src", "src", "{827E0CD3-B72D-47B6-A68D-7590B98EB39B}"
EndProject
Project("{FAE04EC0-301F-11D3-BF4B-00C04F79EFBC}") = "DentaCare.Legacy", "src\DentaCare.Legacy\DentaCare.Legacy.csproj", "{02D4CB6A-0CAB-4007-9466-052962F8248F}"
EndProject
Project("{FAE04EC0-301F-11D3-BF4B-00C04F79EFBC}") = "DentaCare.Refactored", "src\DentaCare.Refactored\DentaCare.Refactored.csproj", "{63EC3120-CD28-4657-9FE8-E3C2F4923392}"
EndProject
Project("{2150E333-8FDC-42A3-9474-1A3956D46DE8}") = "docs", "docs", "{02EA681E-C7D8-13C7-8484-4AC65E1B71E8}"
EndProject
Project("{2150E333-8FDC-42A3-9474-1A3956D46DE8}") = "adr", "adr", "{9AAEFEE4-921D-4FEE-B35D-61D92B783D6D}"
	ProjectSection(SolutionItems) = preProject
		ADR-001-inversion-dependencias-persistencia-notificaciones.md = ADR-001-inversion-dependencias-persistencia-notificaciones.md
		ADR-002-ajuste-politicas-cancelacion-tarifas.md = ADR-002-ajuste-politicas-cancelacion-tarifas.md
		ADR-003-descomposicion-god-class-casos-de-uso.md = ADR-003-descomposicion-god-class-casos-de-uso.md
	EndProjectSection
EndProject
Global
	GlobalSection(SolutionConfigurationPlatforms) = preSolution
		Debug|Any CPU = Debug|Any CPU
		Debug|x64 = Debug|x64
		Debug|x86 = Debug|x86
		Release|Any CPU = Release|Any CPU
		Release|x64 = Release|x64
		Release|x86 = Release|x86
	EndGlobalSection
	GlobalSection(ProjectConfigurationPlatforms) = postSolution
		{02D4CB6A-0CAB-4007-9466-052962F8248F}.Debug|Any CPU.ActiveCfg = Debug|Any CPU
		{02D4CB6A-0CAB-4007-9466-052962F8248F}.Debug|Any CPU.Build.0 = Debug|Any CPU
		{02D4CB6A-0CAB-4007-9466-052962F8248F}.Debug|x64.ActiveCfg = Debug|Any CPU
		{02D4CB6A-0CAB-4007-9466-052962F8248F}.Debug|x64.Build.0 = Debug|Any CPU
		{02D4CB6A-0CAB-4007-9466-052962F8248F}.Debug|x86.ActiveCfg = Debug|Any CPU
		{02D4CB6A-0CAB-4007-9466-052962F8248F}.Debug|x86.Build.0 = Debug|Any CPU
		{02D4CB6A-0CAB-4007-9466-052962F8248F}.Release|Any CPU.ActiveCfg = Release|Any CPU
		{02D4CB6A-0CAB-4007-9466-052962F8248F}.Release|Any CPU.Build.0 = Release|Any CPU
		{02D4CB6A-0CAB-4007-9466-052962F8248F}.Release|x64.ActiveCfg = Release|Any CPU
		{02D4CB6A-0CAB-4007-9466-052962F8248F}.Release|x64.Build.0 = Release|Any CPU
		{02D4CB6A-0CAB-4007-9466-052962F8248F}.Release|x86.ActiveCfg = Release|Any CPU
		{02D4CB6A-0CAB-4007-9466-052962F8248F}.Release|x86.Build.0 = Release|Any CPU
		{63EC3120-CD28-4657-9FE8-E3C2F4923392}.Debug|Any CPU.ActiveCfg = Debug|Any CPU
		{63EC3120-CD28-4657-9FE8-E3C2F4923392}.Debug|Any CPU.Build.0 = Debug|Any CPU
		{63EC3120-CD28-4657-9FE8-E3C2F4923392}.Debug|x64.ActiveCfg = Debug|Any CPU
		{63EC3120-CD28-4657-9FE8-E3C2F4923392}.Debug|x64.Build.0 = Debug|Any CPU
		{63EC3120-CD28-4657-9FE8-E3C2F4923392}.Debug|x86.ActiveCfg = Debug|Any CPU
		{63EC3120-CD28-4657-9FE8-E3C2F4923392}.Debug|x86.Build.0 = Debug|Any CPU
		{63EC3120-CD28-4657-9FE8-E3C2F4923392}.Release|Any CPU.ActiveCfg = Release|Any CPU
		{63EC3120-CD28-4657-9FE8-E3C2F4923392}.Release|Any CPU.Build.0 = Release|Any CPU
		{63EC3120-CD28-4657-9FE8-E3C2F4923392}.Release|x64.ActiveCfg = Release|Any CPU
		{63EC3120-CD28-4657-9FE8-E3C2F4923392}.Release|x64.Build.0 = Release|Any CPU
		{63EC3120-CD28-4657-9FE8-E3C2F4923392}.Release|x86.ActiveCfg = Release|Any CPU
		{63EC3120-CD28-4657-9FE8-E3C2F4923392}.Release|x86.Build.0 = Release|Any CPU
	EndGlobalSection
	GlobalSection(SolutionProperties) = preSolution
		HideSolutionNode = FALSE
	EndGlobalSection
	GlobalSection(NestedProjects) = preSolution
		{02D4CB6A-0CAB-4007-9466-052962F8248F} = {827E0CD3-B72D-47B6-A68D-7590B98EB39B}
		{63EC3120-CD28-4657-9FE8-E3C2F4923392} = {827E0CD3-B72D-47B6-A68D-7590B98EB39B}
		{9AAEFEE4-921D-4FEE-B35D-61D92B783D6D} = {02EA681E-C7D8-13C7-8484-4AC65E1B71E8}
	EndGlobalSection
	GlobalSection(ExtensibilityGlobals) = postSolution
		SolutionGuid = {5D9A7124-0F62-4214-AC61-9A3568D6FFCC}
	EndGlobalSection
EndGlobal
